
Microsoft Visual Studio Solution File, Format Version 12.00
# Visual Studio Version 16
VisualStudioVersion = 16.0.30621.155
MinimumVisualStudioVersion = 10.0.40219.1
Project("{FAE04EC0-301F-11D3-BF4B-00C04F79EFBC}") = "MapleRoyals Vote Assistance", "MapleRoyals Vote Assistance\MapleRoyals Vote Assistance.csproj", "{21D9DAAD-0862-458F-A1EF-01DCB9F3F039}"
EndProject
Global
	GlobalSection(SolutionConfigurationPlatforms) = preSolution
		Debug|Any CPU = Debug|Any CPU
		Release|Any CPU = Release|Any CPU
	EndGlobalSection
	GlobalSection(ProjectConfigurationPlatforms) = postSolution
		{21D9DAAD-0862-458F-A1EF-01DCB9F3F039}.Debug|Any CPU.ActiveCfg = Debug|Any CPU
		{21D9DAAD-0862-458F-A1EF-01DCB9F3F039}.Debug|Any CPU.Build.0 = Debug|Any CPU
		{21D9DAAD-0862-458F-A1EF-01DCB9F3F039}.Release|Any CPU.ActiveCfg = Release|Any CPU
		{21D9DAAD-0862-458F-A1EF-01DCB9F3F039}.Release|Any CPU.Build.0 = Release|Any CPU
	EndGlobalSection
	GlobalSection(SolutionProperties) = preSolution
		HideSolutionNode = FALSE
	EndGlobalSection
	GlobalSection(ExtensibilityGlobals) = postSolution
		SolutionGuid = {5E3DC831-ED32-4FBF-8FBF-422FA7745222}
	EndGlobalSection
EndGlobal
